
Microsoft Visual Studio Solution File, Format Version 12.00
# Visual Studio Version 16
VisualStudioVersion = 16.0.31911.196
MinimumVisualStudioVersion = 10.0.40219.1
Project("{FAE04EC0-301F-11D3-BF4B-00C04F79EFBC}") = "CadastroFilmes", "CadastroFilmes\CadastroFilmes.csproj", "{D656D694-A4AD-472D-A86E-C183AD711347}"
EndProject
Global
	GlobalSection(SolutionConfigurationPlatforms) = preSolution
		Debug|Any CPU = Debug|Any CPU
		Release|Any CPU = Release|Any CPU
	EndGlobalSection
	GlobalSection(ProjectConfigurationPlatforms) = postSolution
		{D656D694-A4AD-472D-A86E-C183AD711347}.Debug|Any CPU.ActiveCfg = Debug|Any CPU
		{D656D694-A4AD-472D-A86E-C183AD711347}.Debug|Any CPU.Build.0 = Debug|Any CPU
		{D656D694-A4AD-472D-A86E-C183AD711347}.Release|Any CPU.ActiveCfg = Release|Any CPU
		{D656D694-A4AD-472D-A86E-C183AD711347}.Release|Any CPU.Build.0 = Release|Any CPU
	EndGlobalSection
	GlobalSection(SolutionProperties) = preSolution
		HideSolutionNode = FALSE
	EndGlobalSection
	GlobalSection(ExtensibilityGlobals) = postSolution
		SolutionGuid = {A0ED24C1-F343-4E98-BADB-3DD65C96C851}
	EndGlobalSection
EndGlobal
